github.com/jussi-kalliokoski/goldjson v1.0.0 h1:XqiUNujQ3e9mjFPsqEBTzaMVPNnMUlXa+yDEVT4Xla0=
github.com/jussi-kalliokoski/goldjson v1.0.0/go.mod h1:KHjhomAO4vlPukhBzc5nwIJ2nNL39TLnEgoIsBd8bnY=
github.com/jussi-kalliokoski/slogdriver v1.0.0 h1:43d9QxZhQYnVyn1tej73hRyQyCZWNfrFlk2r0zbdSTE=
github.com/jussi-kalliokoski/slogdriver v1.0.0/go.mod h1:BeRKQXYK68y+eFw9QY/waUQAnruRZtSdPXMsdpp8dmM=
github.com/lmittmann/tint v1.0.4 h1:LeYihpJ9hyGvE0w+K2okPTGUdVLfng1+nDNVR4vWISc=
github.com/lmittmann/tint v1.0.4/go.mod h1:HIS3gSy7qNwGCj+5oRjAutErFBl4BzdQP6cJZ0NfMwE=
